<?xml version="1.0" encoding="utf-8"?>
<Project ToolsVersion="4.0" xmlns="http://schemas.microsoft.com/developer/msbuild/2003">
  <ItemGroup>
    <Filter Include="Source Files">
      <UniqueIdentifier>{4FC737F1-C7A5-4376-A066-2A32D752A2FF}</UniqueIdentifier>
      <Extensions>cpp;c;cc;cxx;c++;cppm;ixx;def;odl;idl;hpj;bat;asm;asmx</Extensions>
    </Filter>
    <Filter Include="Header Files">
      <UniqueIdentifier>{93995380-89BD-4b04-88EB-625FBE52EBFB}</UniqueIdentifier>
      <Extensions>h;hh;hpp;hxx;h++;hm;inl;inc;ipp;xsd</Extensions>
    </Filter>
    <Filter Include="Resource Files">
      <UniqueIdentifier>{67DA6AB6-F800-4c08-8B7A-83BB121AAD01}</UniqueIdentifier>
      <Extensions>rc;ico;cur;bmp;dlg;rc2;rct;bin;rgs;gif;jpg;jpeg;jpe;resx;tiff;tif;png;wav;mfcribbon-ms</Extensions>
    </Filter>
    <Filter Include="Source Files\third_party">
      <UniqueIdentifier>{d5ee049c-9d04-464a-9b3e-da713362d3dc}</UniqueIdentifier>
    </Filter>
  </ItemGroup>
  <ItemGroup>
    <ClCompile Include="main.cpp">
      <Filter>Source Files</Filter>
    </ClCompile>
    <ClCompile Include="dummy_timetable.cpp">
      <Filter>Source Files</Filter>
    </ClCompile>
    <ClCompile Include="resource.cpp">
      <Filter>Source Files</Filter>
    </ClCompile>
    <ClCompile Include="resource_group.cpp">
      <Filter>Source Files</Filter>
    </ClCompile>
    <ClCompile Include="timetable.cpp">
      <Filter>Source Files</Filter>
    </ClCompile>
    <ClCompile Include="event.cpp">
      <Filter>Source Files</Filter>
    </ClCompile>
    <ClCompile Include="initial_solver.cpp">
      <Filter>Source Files</Filter>
    </ClCompile>
    <ClCompile Include="command_options.cpp">
      <Filter>Source Files</Filter>
    </ClCompile>
    <ClCompile Include="..\third_party\cpp_option_parser\optionParser.cpp">
      <Filter>Source Files\third_party</Filter>
    </ClCompile>
    <ClCompile Include="timetable_parser.cpp">
      <Filter>Source Files</Filter>
    </ClCompile>
    <ClCompile Include="simulated_annealing.cpp">
      <Filter>Source Files</Filter>
    </ClCompile>
    <ClCompile Include="solver_utils.cpp">
      <Filter>Source Files</Filter>
    </ClCompile>
    <ClCompile Include="set_random.cpp">
      <Filter>Source Files</Filter>
    </ClCompile>
  </ItemGroup>
  <ItemGroup>
    <ClInclude Include="timetable.h">
      <Filter>Header Files</Filter>
    </ClInclude>
    <ClInclude Include="event.h">
      <Filter>Header Files</Filter>
    </ClInclude>
    <ClInclude Include="dummy_timetable.h">
      <Filter>Header Files</Filter>
    </ClInclude>
    <ClInclude Include="initial_solver.h">
      <Filter>Header Files</Filter>
    </ClInclude>
    <ClInclude Include="print_timetable.h">
      <Filter>Header Files</Filter>
    </ClInclude>
    <ClInclude Include="resource.h">
      <Filter>Header Files</Filter>
    </ClInclude>
    <ClInclude Include="resource_group.h">
      <Filter>Header Files</Filter>
    </ClInclude>
    <ClInclude Include="command_options.h">
      <Filter>Header Files</Filter>
    </ClInclude>
    <ClInclude Include="timetable_tags.h">
      <Filter>Header Files</Filter>
    </ClInclude>
    <ClInclude Include="timetable_parser.h">
      <Filter>Header Files</Filter>
    </ClInclude>
    <ClInclude Include="main.h">
      <Filter>Header Files</Filter>
    </ClInclude>
    <ClInclude Include="simulated_annealing.h">
      <Filter>Header Files</Filter>
    </ClInclude>
    <ClInclude Include="solver_utils.h">
      <Filter>Header Files</Filter>
    </ClInclude>
    <ClInclude Include="set_random.h">
      <Filter>Header Files</Filter>
    </ClInclude>
  </ItemGroup>
</Project>